
Microsoft Visual Studio Solution File, Format Version 12.00
Project("{FAE04EC0-301F-11D3-BF4B-00C04F79EFBC}") = "ShoppingService", "ShoppingService\ShoppingService.csproj", "{BAE9F2C7-3BD5-4C69-AA60-E817C08F9276}"
EndProject
Global
	GlobalSection(SolutionConfigurationPlatforms) = preSolution
		Debug|Any CPU = Debug|Any CPU
		Release|Any CPU = Release|Any CPU
	EndGlobalSection
	GlobalSection(ProjectConfigurationPlatforms) = postSolution
		{BAE9F2C7-3BD5-4C69-AA60-E817C08F9276}.Debug|Any CPU.ActiveCfg = Debug|Any CPU
		{BAE9F2C7-3BD5-4C69-AA60-E817C08F9276}.Debug|Any CPU.Build.0 = Debug|Any CPU
		{BAE9F2C7-3BD5-4C69-AA60-E817C08F9276}.Release|Any CPU.ActiveCfg = Release|Any CPU
		{BAE9F2C7-3BD5-4C69-AA60-E817C08F9276}.Release|Any CPU.Build.0 = Release|Any CPU
	EndGlobalSection
EndGlobal
